// !$*UTF8*$!
{
	archiveVersion = 1;
	classes = {
	};
	objectVersion = 52;
	objects = {

/* Begin PBXBuildFile section */
		1C342C2E23D9006D00A85502 /* KingfisherSwiftUI in Frameworks */ = {isa = PBXBuildFile; productRef = 1C342C2D23D9006D00A85502 /* KingfisherSwiftUI */; };
		1C3F4FBC238175CF00155EA4 /* ShareView.swift in Sources */ = {isa = PBXBuildFile; fileRef = 1C3F4FBB238175CF00155EA4 /* ShareView.swift */; };
		1C3F4FBE238178B500155EA4 /* ButtonStyles.swift in Sources */ = {isa = PBXBuildFile; fileRef = 1C3F4FBD238178B500155EA4 /* ButtonStyles.swift */; };
		1C3F4FC02381855700155EA4 /* SafariView.swift in Sources */ = {isa = PBXBuildFile; fileRef = 1C3F4FBF2381855700155EA4 /* SafariView.swift */; };
		1C6ABB1F23795E01004B3022 /* LaunchCounter.swift in Sources */ = {isa = PBXBuildFile; fileRef = 1C6ABB1E23795E01004B3022 /* LaunchCounter.swift */; };
		1C9D8C6E240AA30A00B9E10F /* FileManager+Combine.swift in Sources */ = {isa = PBXBuildFile; fileRef = 1C9D8C6D240AA30A00B9E10F /* FileManager+Combine.swift */; };
		1CC5BD31237D92B900305DBA /* Localizable.strings in Resources */ = {isa = PBXBuildFile; fileRef = 1CC5BD30237D92B900305DBA /* Localizable.strings */; };
		1CE54E3023781CEC00B55CA4 /* AppDelegate.swift in Sources */ = {isa = PBXBuildFile; fileRef = 1CE54E2F23781CEC00B55CA4 /* AppDelegate.swift */; };
		1CE54E3223781CEC00B55CA4 /* SceneDelegate.swift in Sources */ = {isa = PBXBuildFile; fileRef = 1CE54E3123781CEC00B55CA4 /* SceneDelegate.swift */; };
		1CE54E3423781CEC00B55CA4 /* RootView.swift in Sources */ = {isa = PBXBuildFile; fileRef = 1CE54E3323781CEC00B55CA4 /* RootView.swift */; };
		1CE54E3923781CED00B55CA4 /* Preview Assets.xcassets in Resources */ = {isa = PBXBuildFile; fileRef = 1CE54E3823781CED00B55CA4 /* Preview Assets.xcassets */; };
		1CE54E3C23781CED00B55CA4 /* LaunchScreen.storyboard in Resources */ = {isa = PBXBuildFile; fileRef = 1CE54E3A23781CED00B55CA4 /* LaunchScreen.storyboard */; };
		1CE54E4523781DA300B55CA4 /* Store.swift in Sources */ = {isa = PBXBuildFile; fileRef = 1CE54E4423781DA300B55CA4 /* Store.swift */; };
		1CE54E4923781E0E00B55CA4 /* App.swift in Sources */ = {isa = PBXBuildFile; fileRef = 1CE54E4823781E0E00B55CA4 /* App.swift */; };
		1CE54E4D23782CD700B55CA4 /* Recipe.swift in Sources */ = {isa = PBXBuildFile; fileRef = 1CE54E4B23781FCF00B55CA4 /* Recipe.swift */; };
		1CE54E5023782DC600B55CA4 /* HomeContainerView.swift in Sources */ = {isa = PBXBuildFile; fileRef = 1CE54E4F23782DC600B55CA4 /* HomeContainerView.swift */; };
		1CE54E5223782E3800B55CA4 /* HomeView.swift in Sources */ = {isa = PBXBuildFile; fileRef = 1CE54E5123782E3800B55CA4 /* HomeView.swift */; };
		1CE54E562378300A00B55CA4 /* Categories.swift in Sources */ = {isa = PBXBuildFile; fileRef = 1CE54E552378300A00B55CA4 /* Categories.swift */; };
		1CE54E582378358900B55CA4 /* Assets.xcassets in Resources */ = {isa = PBXBuildFile; fileRef = 1CE54E572378358900B55CA4 /* Assets.xcassets */; };
		1CE54E5D23783FB600B55CA4 /* RecipesContainerView.swift in Sources */ = {isa = PBXBuildFile; fileRef = 1CE54E5C23783FB600B55CA4 /* RecipesContainerView.swift */; };
		1CE54E5F23783FD400B55CA4 /* RecipesView.swift in Sources */ = {isa = PBXBuildFile; fileRef = 1CE54E5E23783FD400B55CA4 /* RecipesView.swift */; };
		1CE54E6C2378584600B55CA4 /* ActivityView.swift in Sources */ = {isa = PBXBuildFile; fileRef = 1CE54E6B2378584600B55CA4 /* ActivityView.swift */; };
		1CE54E6F2378593100B55CA4 /* RecipeDetailsContainerView.swift in Sources */ = {isa = PBXBuildFile; fileRef = 1CE54E6E2378593100B55CA4 /* RecipeDetailsContainerView.swift */; };
		1CE54E712378596600B55CA4 /* RecipeDetailsView.swift in Sources */ = {isa = PBXBuildFile; fileRef = 1CE54E702378596600B55CA4 /* RecipeDetailsView.swift */; };
		1CE54E742378616600B55CA4 /* FavoritesContainerView.swift in Sources */ = {isa = PBXBuildFile; fileRef = 1CE54E732378616600B55CA4 /* FavoritesContainerView.swift */; };
		1CE54E772378623100B55CA4 /* View.swift in Sources */ = {isa = PBXBuildFile; fileRef = 1CE54E762378623100B55CA4 /* View.swift */; };
/* End PBXBuildFile section */

/* Begin PBXFileReference section */
		1C3F4FBB238175CF00155EA4 /* ShareView.swift */ = {isa = PBXFileReference; lastKnownFileType = sourcecode.swift; path = ShareView.swift; sourceTree = "<group>"; };
		1C3F4FBD238178B500155EA4 /* ButtonStyles.swift */ = {isa = PBXFileReference; lastKnownFileType = sourcecode.swift; path = ButtonStyles.swift; sourceTree = "<group>"; };
		1C3F4FBF2381855700155EA4 /* SafariView.swift */ = {isa = PBXFileReference; lastKnownFileType = sourcecode.swift; path = SafariView.swift; sourceTree = "<group>"; };
		1C6ABB1E23795E01004B3022 /* LaunchCounter.swift */ = {isa = PBXFileReference; lastKnownFileType = sourcecode.swift; path = LaunchCounter.swift; sourceTree = "<group>"; };
		1C9D8C6D240AA30A00B9E10F /* FileManager+Combine.swift */ = {isa = PBXFileReference; lastKnownFileType = sourcecode.swift; path = "FileManager+Combine.swift"; sourceTree = "<group>"; };
		1CC5BD30237D92B900305DBA /* Localizable.strings */ = {isa = PBXFileReference; lastKnownFileType = text.plist.strings; path = Localizable.strings; sourceTree = "<group>"; };
		1CE54E2C23781CEC00B55CA4 /* Recipes.app */ = {isa = PBXFileReference; explicitFileType = wrapper.application; includeInIndex = 0; path = Recipes.app; sourceTree = BUILT_PRODUCTS_DIR; };
		1CE54E2F23781CEC00B55CA4 /* AppDelegate.swift */ = {isa = PBXFileReference; lastKnownFileType = sourcecode.swift; path = AppDelegate.swift; sourceTree = "<group>"; };
		1CE54E3123781CEC00B55CA4 /* SceneDelegate.swift */ = {isa = PBXFileReference; lastKnownFileType = sourcecode.swift; path = SceneDelegate.swift; sourceTree = "<group>"; };
		1CE54E3323781CEC00B55CA4 /* RootView.swift */ = {isa = PBXFileReference; lastKnownFileType = sourcecode.swift; path = RootView.swift; sourceTree = "<group>"; };
		1CE54E3823781CED00B55CA4 /* Preview Assets.xcassets */ = {isa = PBXFileReference; lastKnownFileType = folder.assetcatalog; path = "Preview Assets.xcassets"; sourceTree = "<group>"; };
		1CE54E3B23781CED00B55CA4 /* Base */ = {isa = PBXFileReference; lastKnownFileType = file.storyboard; name = Base; path = Base.lproj/LaunchScreen.storyboard; sourceTree = "<group>"; };
		1CE54E3D23781CED00B55CA4 /* Info.plist */ = {isa = PBXFileReference; lastKnownFileType = text.plist.xml; path = Info.plist; sourceTree = "<group>"; };
		1CE54E4423781DA300B55CA4 /* Store.swift */ = {isa = PBXFileReference; lastKnownFileType = sourcecode.swift; path = Store.swift; sourceTree = "<group>"; };
		1CE54E4823781E0E00B55CA4 /* App.swift */ = {isa = PBXFileReference; lastKnownFileType = sourcecode.swift; path = App.swift; sourceTree = "<group>"; };
		1CE54E4B23781FCF00B55CA4 /* Recipe.swift */ = {isa = PBXFileReference; lastKnownFileType = sourcecode.swift; path = Recipe.swift; sourceTree = "<group>"; };
		1CE54E4F23782DC600B55CA4 /* HomeContainerView.swift */ = {isa = PBXFileReference; lastKnownFileType = sourcecode.swift; path = HomeContainerView.swift; sourceTree = "<group>"; };
		1CE54E5123782E3800B55CA4 /* HomeView.swift */ = {isa = PBXFileReference; lastKnownFileType = sourcecode.swift; path = HomeView.swift; sourceTree = "<group>"; };
		1CE54E552378300A00B55CA4 /* Categories.swift */ = {isa = PBXFileReference; lastKnownFileType = sourcecode.swift; path = Categories.swift; sourceTree = "<group>"; };
		1CE54E572378358900B55CA4 /* Assets.xcassets */ = {isa = PBXFileReference; lastKnownFileType = folder.assetcatalog; path = Assets.xcassets; sourceTree = "<group>"; };
		1CE54E5C23783FB600B55CA4 /* RecipesContainerView.swift */ = {isa = PBXFileReference; lastKnownFileType = sourcecode.swift; path = RecipesContainerView.swift; sourceTree = "<group>"; };
		1CE54E5E23783FD400B55CA4 /* RecipesView.swift */ = {isa = PBXFileReference; lastKnownFileType = sourcecode.swift; path = RecipesView.swift; sourceTree = "<group>"; };
		1CE54E6B2378584600B55CA4 /* ActivityView.swift */ = {isa = PBXFileReference; lastKnownFileType = sourcecode.swift; path = ActivityView.swift; sourceTree = "<group>"; };
		1CE54E6E2378593100B55CA4 /* RecipeDetailsContainerView.swift */ = {isa = PBXFileReference; lastKnownFileType = sourcecode.swift; path = RecipeDetailsContainerView.swift; sourceTree = "<group>"; };
		1CE54E702378596600B55CA4 /* RecipeDetailsView.swift */ = {isa = PBXFileReference; lastKnownFileType = sourcecode.swift; path = RecipeDetailsView.swift; sourceTree = "<group>"; };
		1CE54E732378616600B55CA4 /* FavoritesContainerView.swift */ = {isa = PBXFileReference; lastKnownFileType = sourcecode.swift; path = FavoritesContainerView.swift; sourceTree = "<group>"; };
		1CE54E762378623100B55CA4 /* View.swift */ = {isa = PBXFileReference; lastKnownFileType = sourcecode.swift; path = View.swift; sourceTree = "<group>"; };
/* End PBXFileReference section */

/* Begin PBXFrameworksBuildPhase section */
		1CE54E2923781CEC00B55CA4 /* Frameworks */ = {
			isa = PBXFrameworksBuildPhase;
			buildActionMask = 2147483647;
			files = (
				1C342C2E23D9006D00A85502 /* KingfisherSwiftUI in Frameworks */,
			);
			runOnlyForDeploymentPostprocessing = 0;
		};
/* End PBXFrameworksBuildPhase section */

/* Begin PBXGroup section */
		1C6ABB1C23795DCB004B3022 /* Model */ = {
			isa = PBXGroup;
			children = (
				1CE54E4823781E0E00B55CA4 /* App.swift */,
				1CE54E4B23781FCF00B55CA4 /* Recipe.swift */,
				1CE54E4423781DA300B55CA4 /* Store.swift */,
			);
			path = Model;
			sourceTree = "<group>";
		};
		1C6ABB1D23795DF5004B3022 /* Logic */ = {
			isa = PBXGroup;
			children = (
				1C6ABB1E23795E01004B3022 /* LaunchCounter.swift */,
			);
			path = Logic;
			sourceTree = "<group>";
		};
		1CE54E2323781CEC00B55CA4 = {
			isa = PBXGroup;
			children = (
				1CE54E2E23781CEC00B55CA4 /* Recipes */,
				1CE54E2D23781CEC00B55CA4 /* Products */,
			);
			sourceTree = "<group>";
		};
		1CE54E2D23781CEC00B55CA4 /* Products */ = {
			isa = PBXGroup;
			children = (
				1CE54E2C23781CEC00B55CA4 /* Recipes.app */,
			);
			name = Products;
			sourceTree = "<group>";
		};
		1CE54E2E23781CEC00B55CA4 /* Recipes */ = {
			isa = PBXGroup;
			children = (
				1CE54E2F23781CEC00B55CA4 /* AppDelegate.swift */,
				1CE54E572378358900B55CA4 /* Assets.xcassets */,
				1CE54E4323781D7000B55CA4 /* Features */,
				1CE54E3D23781CED00B55CA4 /* Info.plist */,
				1CE54E3A23781CED00B55CA4 /* LaunchScreen.storyboard */,
				1CE54E3723781CED00B55CA4 /* Preview Content */,
				1CE54E3323781CEC00B55CA4 /* RootView.swift */,
				1CE54E3123781CEC00B55CA4 /* SceneDelegate.swift */,
				1CE54E60237846EF00B55CA4 /* Shared */,
				1CC5BD30237D92B900305DBA /* Localizable.strings */,
			);
			path = Recipes;
			sourceTree = "<group>";
		};
		1CE54E3723781CED00B55CA4 /* Preview Content */ = {
			isa = PBXGroup;
			children = (
				1CE54E3823781CED00B55CA4 /* Preview Assets.xcassets */,
			);
			path = "Preview Content";
			sourceTree = "<group>";
		};
		1CE54E4323781D7000B55CA4 /* Features */ = {
			isa = PBXGroup;
			children = (
				1CE54E722378615000B55CA4 /* Favorites */,
				1CE54E6D2378591E00B55CA4 /* Details */,
				1CE54E5B23783FA800B55CA4 /* Recipes */,
				1CE54E4E23782DA900B55CA4 /* Home */,
			);
			path = Features;
			sourceTree = "<group>";
		};
		1CE54E4E23782DA900B55CA4 /* Home */ = {
			isa = PBXGroup;
			children = (
				1CE54E4F23782DC600B55CA4 /* HomeContainerView.swift */,
				1CE54E5123782E3800B55CA4 /* HomeView.swift */,
				1CE54E552378300A00B55CA4 /* Categories.swift */,
			);
			path = Home;
			sourceTree = "<group>";
		};
		1CE54E5B23783FA800B55CA4 /* Recipes */ = {
			isa = PBXGroup;
			children = (
				1CE54E5C23783FB600B55CA4 /* RecipesContainerView.swift */,
				1CE54E5E23783FD400B55CA4 /* RecipesView.swift */,
			);
			path = Recipes;
			sourceTree = "<group>";
		};
		1CE54E60237846EF00B55CA4 /* Shared */ = {
			isa = PBXGroup;
			children = (
				1C6ABB1D23795DF5004B3022 /* Logic */,
				1C6ABB1C23795DCB004B3022 /* Model */,
				1CE54E752378622600B55CA4 /* Extensions */,
				1CE54E6A2378583C00B55CA4 /* Views */,
			);
			path = Shared;
			sourceTree = "<group>";
		};
		1CE54E6A2378583C00B55CA4 /* Views */ = {
			isa = PBXGroup;
			children = (
				1CE54E6B2378584600B55CA4 /* ActivityView.swift */,
				1C3F4FBB238175CF00155EA4 /* ShareView.swift */,
				1C3F4FBD238178B500155EA4 /* ButtonStyles.swift */,
				1C3F4FBF2381855700155EA4 /* SafariView.swift */,
			);
			path = Views;
			sourceTree = "<group>";
		};
		1CE54E6D2378591E00B55CA4 /* Details */ = {
			isa = PBXGroup;
			children = (
				1CE54E6E2378593100B55CA4 /* RecipeDetailsContainerView.swift */,
				1CE54E702378596600B55CA4 /* RecipeDetailsView.swift */,
			);
			path = Details;
			sourceTree = "<group>";
		};
		1CE54E722378615000B55CA4 /* Favorites */ = {
			isa = PBXGroup;
			children = (
				1CE54E732378616600B55CA4 /* FavoritesContainerView.swift */,
			);
			path = Favorites;
			sourceTree = "<group>";
		};
		1CE54E752378622600B55CA4 /* Extensions */ = {
			isa = PBXGroup;
			children = (
				1CE54E762378623100B55CA4 /* View.swift */,
				1C9D8C6D240AA30A00B9E10F /* FileManager+Combine.swift */,
			);
			path = Extensions;
			sourceTree = "<group>";
		};
/* End PBXGroup section */

/* Begin PBXNativeTarget section */
		1CE54E2B23781CEC00B55CA4 /* Recipes */ = {
			isa = PBXNativeTarget;
			buildConfigurationList = 1CE54E4023781CED00B55CA4 /* Build configuration list for PBXNativeTarget "Recipes" */;
			buildPhases = (
				1CE54E2823781CEC00B55CA4 /* Sources */,
				1CE54E2923781CEC00B55CA4 /* Frameworks */,
				1CE54E2A23781CEC00B55CA4 /* Resources */,
			);
			buildRules = (
			);
			dependencies = (
			);
			name = Recipes;
			packageProductDependencies = (
				1C342C2D23D9006D00A85502 /* KingfisherSwiftUI */,
			);
			productName = Recipes;
			productReference = 1CE54E2C23781CEC00B55CA4 /* Recipes.app */;
			productType = "com.apple.product-type.application";
		};
/* End PBXNativeTarget section */

/* Begin PBXProject section */
		1CE54E2423781CEC00B55CA4 /* Project object */ = {
			isa = PBXProject;
			attributes = {
				LastSwiftUpdateCheck = 1120;
				LastUpgradeCheck = 1200;
				ORGANIZATIONNAME = "Majid Jabrayilov";
				TargetAttributes = {
					1CE54E2B23781CEC00B55CA4 = {
						CreatedOnToolsVersion = 11.2;
					};
				};
			};
			buildConfigurationList = 1CE54E2723781CEC00B55CA4 /* Build configuration list for PBXProject "Recipes" */;
			compatibilityVersion = "Xcode 9.3";
			developmentRegion = en;
			hasScannedForEncodings = 0;
			knownRegions = (
				en,
				Base,
			);
			mainGroup = 1CE54E2323781CEC00B55CA4;
			packageReferences = (
				1C342C2C23D9006D00A85502 /* XCRemoteSwiftPackageReference "Kingfisher" */,
			);
			productRefGroup = 1CE54E2D23781CEC00B55CA4 /* Products */;
			projectDirPath = "";
			projectRoot = "";
			targets = (
				1CE54E2B23781CEC00B55CA4 /* Recipes */,
			);
		};
/* End PBXProject section */

/* Begin PBXResourcesBuildPhase section */
		1CE54E2A23781CEC00B55CA4 /* Resources */ = {
			isa = PBXResourcesBuildPhase;
			buildActionMask = 2147483647;
			files = (
				1CE54E3C23781CED00B55CA4 /* LaunchScreen.storyboard in Resources */,
				1CC5BD31237D92B900305DBA /* Localizable.strings in Resources */,
				1CE54E582378358900B55CA4 /* Assets.xcassets in Resources */,
				1CE54E3923781CED00B55CA4 /* Preview Assets.xcassets in Resources */,
			);
			runOnlyForDeploymentPostprocessing = 0;
		};
/* End PBXResourcesBuildPhase section */

/* Begin PBXSourcesBuildPhase section */
		1CE54E2823781CEC00B55CA4 /* Sources */ = {
			isa = PBXSourcesBuildPhase;
			buildActionMask = 2147483647;
			files = (
				1CE54E5223782E3800B55CA4 /* HomeView.swift in Sources */,
				1CE54E3023781CEC00B55CA4 /* AppDelegate.swift in Sources */,
				1C3F4FBC238175CF00155EA4 /* ShareView.swift in Sources */,
				1CE54E5023782DC600B55CA4 /* HomeContainerView.swift in Sources */,
				1CE54E3223781CEC00B55CA4 /* SceneDelegate.swift in Sources */,
				1CE54E4D23782CD700B55CA4 /* Recipe.swift in Sources */,
				1C3F4FBE238178B500155EA4 /* ButtonStyles.swift in Sources */,
				1CE54E3423781CEC00B55CA4 /* RootView.swift in Sources */,
				1CE54E4923781E0E00B55CA4 /* App.swift in Sources */,
				1CE54E6F2378593100B55CA4 /* RecipeDetailsContainerView.swift in Sources */,
				1C9D8C6E240AA30A00B9E10F /* FileManager+Combine.swift in Sources */,
				1CE54E5F23783FD400B55CA4 /* RecipesView.swift in Sources */,
				1C3F4FC02381855700155EA4 /* SafariView.swift in Sources */,
				1C6ABB1F23795E01004B3022 /* LaunchCounter.swift in Sources */,
				1CE54E562378300A00B55CA4 /* Categories.swift in Sources */,
				1CE54E742378616600B55CA4 /* FavoritesContainerView.swift in Sources */,
				1CE54E712378596600B55CA4 /* RecipeDetailsView.swift in Sources */,
				1CE54E4523781DA300B55CA4 /* Store.swift in Sources */,
				1CE54E772378623100B55CA4 /* View.swift in Sources */,
				1CE54E6C2378584600B55CA4 /* ActivityView.swift in Sources */,
				1CE54E5D23783FB600B55CA4 /* RecipesContainerView.swift in Sources */,
			);
			runOnlyForDeploymentPostprocessing = 0;
		};
/* End PBXSourcesBuildPhase section */

/* Begin PBXVariantGroup section */
		1CE54E3A23781CED00B55CA4 /* LaunchScreen.storyboard */ = {
			isa = PBXVariantGroup;
			children = (
				1CE54E3B23781CED00B55CA4 /* Base */,
			);
			name = LaunchScreen.storyboard;
			sourceTree = "<group>";
		};
/* End PBXVariantGroup section */

/* Begin XCBuildConfiguration section */
		1CE54E3E23781CED00B55CA4 /* Debug */ = {
			isa = XCBuildConfiguration;
			buildSettings = {
				ALWAYS_SEARCH_USER_PATHS = NO;
				CLANG_ANALYZER_NONNULL = YES;
				CLANG_ANALYZER_NUMBER_OBJECT_CONVERSION = YES_AGGRESSIVE;
				CLANG_CXX_LANGUAGE_STANDARD = "gnu++14";
				CLANG_CXX_LIBRARY = "libc++";
				CLANG_ENABLE_MODULES = YES;
				CLANG_ENABLE_OBJC_ARC = YES;
				CLANG_ENABLE_OBJC_WEAK = YES;
				CLANG_WARN_BLOCK_CAPTURE_AUTORELEASING = YES;
				CLANG_WARN_BOOL_CONVERSION = YES;
				CLANG_WARN_COMMA = YES;
				CLANG_WARN_CONSTANT_CONVERSION = YES;
				CLANG_WARN_DEPRECATED_OBJC_IMPLEMENTATIONS = YES;
				CLANG_WARN_DIRECT_OBJC_ISA_USAGE = YES_ERROR;
				CLANG_WARN_DOCUMENTATION_COMMENTS = YES;
				CLANG_WARN_EMPTY_BODY = YES;
				CLANG_WARN_ENUM_CONVERSION = YES;
				CLANG_WARN_INFINITE_RECURSION = YES;
				CLANG_WARN_INT_CONVERSION = YES;
				CLANG_WARN_NON_LITERAL_NULL_CONVERSION = YES;
				CLANG_WARN_OBJC_IMPLICIT_RETAIN_SELF = YES;
				CLANG_WARN_OBJC_LITERAL_CONVERSION = YES;
				CLANG_WARN_OBJC_ROOT_CLASS = YES_ERROR;
				CLANG_WARN_QUOTED_INCLUDE_IN_FRAMEWORK_HEADER = YES;
				CLANG_WARN_RANGE_LOOP_ANALYSIS = YES;
				CLANG_WARN_STRICT_PROTOTYPES = YES;
				CLANG_WARN_SUSPICIOUS_MOVE = YES;
				CLANG_WARN_UNGUARDED_AVAILABILITY = YES_AGGRESSIVE;
				CLANG_WARN_UNREACHABLE_CODE = YES;
				CLANG_WARN__DUPLICATE_METHOD_MATCH = YES;
				COPY_PHASE_STRIP = NO;
				DEAD_CODE_STRIPPING = NO;
				DEBUG_INFORMATION_FORMAT = dwarf;
				ENABLE_STRICT_OBJC_MSGSEND = YES;
				ENABLE_TESTABILITY = YES;
				GCC_C_LANGUAGE_STANDARD = gnu11;
				GCC_DYNAMIC_NO_PIC = NO;
				GCC_NO_COMMON_BLOCKS = YES;
				GCC_OPTIMIZATION_LEVEL = 0;
				GCC_PREPROCESSOR_DEFINITIONS = (
					"DEBUG=1",
					"$(inherited)",
				);
				GCC_WARN_64_TO_32_BIT_CONVERSION = YES;
				GCC_WARN_ABOUT_RETURN_TYPE = YES_ERROR;
				GCC_WARN_UNDECLARED_SELECTOR = YES;
				GCC_WARN_UNINITIALIZED_AUTOS = YES_AGGRESSIVE;
				GCC_WARN_UNUSED_FUNCTION = YES;
				GCC_WARN_UNUSED_VARIABLE = YES;
				IPHONEOS_DEPLOYMENT_TARGET = 14.0;
				MTL_ENABLE_DEBUG_INFO = INCLUDE_SOURCE;
				MTL_FAST_MATH = YES;
				ONLY_ACTIVE_ARCH = YES;
				SDKROOT = iphoneos;
				SWIFT_ACTIVE_COMPILATION_CONDITIONS = DEBUG;
				SWIFT_OPTIMIZATION_LEVEL = "-Onone";
			};
			name = Debug;
		};
		1CE54E3F23781CED00B55CA4 /* Release */ = {
			isa = XCBuildConfiguration;
			buildSettings = {
				ALWAYS_SEARCH_USER_PATHS = NO;
				CLANG_ANALYZER_NONNULL = YES;
				CLANG_ANALYZER_NUMBER_OBJECT_CONVERSION = YES_AGGRESSIVE;
				CLANG_CXX_LANGUAGE_STANDARD = "gnu++14";
				CLANG_CXX_LIBRARY = "libc++";
				CLANG_ENABLE_MODULES = YES;
				CLANG_ENABLE_OBJC_ARC = YES;
				CLANG_ENABLE_OBJC_WEAK = YES;
				CLANG_WARN_BLOCK_CAPTURE_AUTORELEASING = YES;
				CLANG_WARN_BOOL_CONVERSION = YES;
				CLANG_WARN_COMMA = YES;
				CLANG_WARN_CONSTANT_CONVERSION = YES;
				CLANG_WARN_DEPRECATED_OBJC_IMPLEMENTATIONS = YES;
				CLANG_WARN_DIRECT_OBJC_ISA_USAGE = YES_ERROR;
				CLANG_WARN_DOCUMENTATION_COMMENTS = YES;
				CLANG_WARN_EMPTY_BODY = YES;
				CLANG_WARN_ENUM_CONVERSION = YES;
				CLANG_WARN_INFINITE_RECURSION = YES;
				CLANG_WARN_INT_CONVERSION = YES;
				CLANG_WARN_NON_LITERAL_NULL_CONVERSION = YES;
				CLANG_WARN_OBJC_IMPLICIT_RETAIN_SELF = YES;
				CLANG_WARN_OBJC_LITERAL_CONVERSION = YES;
				CLANG_WARN_OBJC_ROOT_CLASS = YES_ERROR;
				CLANG_WARN_QUOTED_INCLUDE_IN_FRAMEWORK_HEADER = YES;
				CLANG_WARN_RANGE_LOOP_ANALYSIS = YES;
				CLANG_WARN_STRICT_PROTOTYPES = YES;
				CLANG_WARN_SUSPICIOUS_MOVE = YES;
				CLANG_WARN_UNGUARDED_AVAILABILITY = YES_AGGRESSIVE;
				CLANG_WARN_UNREACHABLE_CODE = YES;
				CLANG_WARN__DUPLICATE_METHOD_MATCH = YES;
				COPY_PHASE_STRIP = NO;
				DEAD_CODE_STRIPPING = NO;
				DEBUG_INFORMATION_FORMAT = "dwarf-with-dsym";
				ENABLE_NS_ASSERTIONS = NO;
				ENABLE_STRICT_OBJC_MSGSEND = YES;
				GCC_C_LANGUAGE_STANDARD = gnu11;
				GCC_NO_COMMON_BLOCKS = YES;
				GCC_WARN_64_TO_32_BIT_CONVERSION = YES;
				GCC_WARN_ABOUT_RETURN_TYPE = YES_ERROR;
				GCC_WARN_UNDECLARED_SELECTOR = YES;
				GCC_WARN_UNINITIALIZED_AUTOS = YES_AGGRESSIVE;
				GCC_WARN_UNUSED_FUNCTION = YES;
				GCC_WARN_UNUSED_VARIABLE = YES;
				IPHONEOS_DEPLOYMENT_TARGET = 14.0;
				MTL_ENABLE_DEBUG_INFO = NO;
				MTL_FAST_MATH = YES;
				SDKROOT = iphoneos;
				SWIFT_COMPILATION_MODE = wholemodule;
				SWIFT_OPTIMIZATION_LEVEL = "-O";
				VALIDATE_PRODUCT = YES;
			};
			name = Release;
		};
		1CE54E4123781CED00B55CA4 /* Debug */ = {
			isa = XCBuildConfiguration;
			buildSettings = {
				ASSETCATALOG_COMPILER_APPICON_NAME = AppIcon;
				CODE_SIGN_STYLE = Automatic;
				CURRENT_PROJECT_VERSION = 18;
				DEVELOPMENT_ASSET_PATHS = "\"Recipes/Preview Content\"";
				DEVELOPMENT_TEAM = 2952RH3AR7;
				ENABLE_PREVIEWS = YES;
				INFOPLIST_FILE = Recipes/Info.plist;
				IPHONEOS_DEPLOYMENT_TARGET = 14.0;
				LD_RUNPATH_SEARCH_PATHS = (
					"$(inherited)",
					"@executable_path/Frameworks",
				);
				MARKETING_VERSION = 1.3;
				PRODUCT_BUNDLE_IDENTIFIER = com.aaplab.food;
				PRODUCT_NAME = "$(TARGET_NAME)";
				SWIFT_VERSION = 5.0;
				TARGETED_DEVICE_FAMILY = 1;
			};
			name = Debug;
		};
		1CE54E4223781CED00B55CA4 /* Release */ = {
			isa = XCBuildConfiguration;
			buildSettings = {
				ASSETCATALOG_COMPILER_APPICON_NAME = AppIcon;
				CODE_SIGN_STYLE = Automatic;
				CURRENT_PROJECT_VERSION = 18;
				DEVELOPMENT_ASSET_PATHS = "\"Recipes/Preview Content\"";
				DEVELOPMENT_TEAM = 2952RH3AR7;
				ENABLE_PREVIEWS = YES;
				INFOPLIST_FILE = Recipes/Info.plist;
				IPHONEOS_DEPLOYMENT_TARGET = 14.0;
				LD_RUNPATH_SEARCH_PATHS = (
					"$(inherited)",
					"@executable_path/Frameworks",
				);
				MARKETING_VERSION = 1.3;
				PRODUCT_BUNDLE_IDENTIFIER = com.aaplab.food;
				PRODUCT_NAME = "$(TARGET_NAME)";
				SWIFT_VERSION = 5.0;
				TARGETED_DEVICE_FAMILY = 1;
			};
			name = Release;
		};
/* End XCBuildConfiguration section */

/* Begin XCConfigurationList section */
		1CE54E2723781CEC00B55CA4 /* Build configuration list for PBXProject "Recipes" */ = {
			isa = XCConfigurationList;
			buildConfigurations = (
				1CE54E3E23781CED00B55CA4 /* Debug */,
				1CE54E3F23781CED00B55CA4 /* Release */,
			);
			defaultConfigurationIsVisible = 0;
			defaultConfigurationName = Release;
		};
		1CE54E4023781CED00B55CA4 /* Build configuration list for PBXNativeTarget "Recipes" */ = {
			isa = XCConfigurationList;
			buildConfigurations = (
				1CE54E4123781CED00B55CA4 /* Debug */,
				1CE54E4223781CED00B55CA4 /* Release */,
			);
			defaultConfigurationIsVisible = 0;
			defaultConfigurationName = Release;
		};
/* End XCConfigurationList section */

/* Begin XCRemoteSwiftPackageReference section */
		1C342C2C23D9006D00A85502 /* XCRemoteSwiftPackageReference "Kingfisher" */ = {
			isa = XCRemoteSwiftPackageReference;
			repositoryURL = "https://github.com/onevcat/Kingfisher";
			requirement = {
				kind = upToNextMajorVersion;
				minimumVersion = 5.13.0;
			};
		};
/* End XCRemoteSwiftPackageReference section */

/* Begin XCSwiftPackageProductDependency section */
		1C342C2D23D9006D00A85502 /* KingfisherSwiftUI */ = {
			isa = XCSwiftPackageProductDependency;
			package = 1C342C2C23D9006D00A85502 /* XCRemoteSwiftPackageReference "Kingfisher" */;
			productName = KingfisherSwiftUI;
		};
/* End XCSwiftPackageProductDependency section */
	};
	rootObject = 1CE54E2423781CEC00B55CA4 /* Project object */;
}
